// !$*UTF8*$!
{
	archiveVersion = 1;
	classes = {
	};
	objectVersion = 46;
	objects = {

/* Begin PBXBuildFile section */
		791C30DC1E62E93200E90ED7 /* PaintHouses.m in Sources */ = {isa = PBXBuildFile; fileRef = 791C30DB1E62E93200E90ED7 /* PaintHouses.m */; };
		791C30E01E63118D00E90ED7 /* ConvertSortedListToBST.m in Sources */ = {isa = PBXBuildFile; fileRef = 791C30DF1E63118D00E90ED7 /* ConvertSortedListToBST.m */; };
		791C30E31E6311B100E90ED7 /* ListNode.m in Sources */ = {isa = PBXBuildFile; fileRef = 791C30E21E6311B100E90ED7 /* ListNode.m */; };
		791C30E71E6319E700E90ED7 /* CoinChange.m in Sources */ = {isa = PBXBuildFile; fileRef = 791C30E61E6319E700E90ED7 /* CoinChange.m */; };
		791C30EB1E63595D00E90ED7 /* DivideTwoIntegers.m in Sources */ = {isa = PBXBuildFile; fileRef = 791C30EA1E63595D00E90ED7 /* DivideTwoIntegers.m */; };
		791C30EF1E635FCB00E90ED7 /* MoveZeros.m in Sources */ = {isa = PBXBuildFile; fileRef = 791C30EE1E635FCB00E90ED7 /* MoveZeros.m */; };
		791C30F71E63839200E90ED7 /* Trie.m in Sources */ = {isa = PBXBuildFile; fileRef = 791C30F61E63839200E90ED7 /* Trie.m */; };
		791C30FA1E6383BA00E90ED7 /* TrieNode.m in Sources */ = {isa = PBXBuildFile; fileRef = 791C30F91E6383BA00E90ED7 /* TrieNode.m */; };
		791C30FD1E63856F00E90ED7 /* AddAndSearchWord.m in Sources */ = {isa = PBXBuildFile; fileRef = 791C30FC1E63856F00E90ED7 /* AddAndSearchWord.m */; };
		792B24AA1E641FEE0084EFBD /* ThreeSum.m in Sources */ = {isa = PBXBuildFile; fileRef = 792B24A91E641FEE0084EFBD /* ThreeSum.m */; };
		792B24AE1E6435580084EFBD /* FourSum.m in Sources */ = {isa = PBXBuildFile; fileRef = 792B24AD1E6435580084EFBD /* FourSum.m */; };
		792B24B21E64808E0084EFBD /* PrettyJSONString.m in Sources */ = {isa = PBXBuildFile; fileRef = 792B24B11E64808E0084EFBD /* PrettyJSONString.m */; };
		792B24B61E64A6540084EFBD /* FlattenNestedListIterator.m in Sources */ = {isa = PBXBuildFile; fileRef = 792B24B51E64A6540084EFBD /* FlattenNestedListIterator.m */; };
		792B24BA1E64B2C40084EFBD /* BinaryTreeLevelOrderTraversal.m in Sources */ = {isa = PBXBuildFile; fileRef = 792B24B91E64B2C40084EFBD /* BinaryTreeLevelOrderTraversal.m */; };
		792B24BE1E64C2E40084EFBD /* MergeSortedArrays.m in Sources */ = {isa = PBXBuildFile; fileRef = 792B24BD1E64C2E40084EFBD /* MergeSortedArrays.m */; };
		792B24C21E64E2270084EFBD /* BalanceParentheses.m in Sources */ = {isa = PBXBuildFile; fileRef = 792B24C11E64E2270084EFBD /* BalanceParentheses.m */; };
		792B24C61E658A490084EFBD /* DecodeWays.m in Sources */ = {isa = PBXBuildFile; fileRef = 792B24C51E658A490084EFBD /* DecodeWays.m */; };
		792B24CB1E658C2A0084EFBD /* LongestConsecutive.m in Sources */ = {isa = PBXBuildFile; fileRef = 792B24CA1E658C2A0084EFBD /* LongestConsecutive.m */; };
		792B24CF1E65B9480084EFBD /* BSTFromPreorder.m in Sources */ = {isa = PBXBuildFile; fileRef = 792B24CE1E65B9480084EFBD /* BSTFromPreorder.m */; };
		792B24D31E65C9000084EFBD /* SubarraySumToK.m in Sources */ = {isa = PBXBuildFile; fileRef = 792B24D21E65C9000084EFBD /* SubarraySumToK.m */; };
		792B24D71E65DB270084EFBD /* MaximumSubarraySizeSumToK.m in Sources */ = {isa = PBXBuildFile; fileRef = 792B24D61E65DB270084EFBD /* MaximumSubarraySizeSumToK.m */; };
		792B24DB1E65FCF90084EFBD /* SubmatrixSumToK.m in Sources */ = {isa = PBXBuildFile; fileRef = 792B24DA1E65FCF90084EFBD /* SubmatrixSumToK.m */; };
		792B24DF1E6611980084EFBD /* StrStr.m in Sources */ = {isa = PBXBuildFile; fileRef = 792B24DE1E6611980084EFBD /* StrStr.m */; };
		792B24E31E6619360084EFBD /* MinimumDepth.m in Sources */ = {isa = PBXBuildFile; fileRef = 792B24E21E6619360084EFBD /* MinimumDepth.m */; };
		792B24E71E661EB60084EFBD /* Read4.m in Sources */ = {isa = PBXBuildFile; fileRef = 792B24E61E661EB60084EFBD /* Read4.m */; };
		792B24EB1E66277D0084EFBD /* BestTimeBuySellStock.m in Sources */ = {isa = PBXBuildFile; fileRef = 792B24EA1E66277D0084EFBD /* BestTimeBuySellStock.m */; };
		792B24EF1E66354F0084EFBD /* BinaryTreePaths.m in Sources */ = {isa = PBXBuildFile; fileRef = 792B24EE1E66354F0084EFBD /* BinaryTreePaths.m */; };
		792B24F31E66D8090084EFBD /* ContainsDuplicate.m in Sources */ = {isa = PBXBuildFile; fileRef = 792B24F21E66D8090084EFBD /* ContainsDuplicate.m */; };
		792B24F71E66FFD50084EFBD /* FindAllAnagrams.m in Sources */ = {isa = PBXBuildFile; fileRef = 792B24F61E66FFD50084EFBD /* FindAllAnagrams.m */; };
		792B24FB1E6705250084EFBD /* FirstBadVersion.m in Sources */ = {isa = PBXBuildFile; fileRef = 792B24FA1E6705250084EFBD /* FirstBadVersion.m */; };
		792B24FF1E6713760084EFBD /* ValidatePalindrome.m in Sources */ = {isa = PBXBuildFile; fileRef = 792B24FE1E6713760084EFBD /* ValidatePalindrome.m */; };
		792B25031E6758BF0084EFBD /* LongestArithmeticSequence.m in Sources */ = {isa = PBXBuildFile; fileRef = 792B25021E6758BF0084EFBD /* LongestArithmeticSequence.m */; };
		792B25071E6762880084EFBD /* BinaryTreeLongestConsecutiveSequence.m in Sources */ = {isa = PBXBuildFile; fileRef = 792B25061E6762880084EFBD /* BinaryTreeLongestConsecutiveSequence.m */; };
		792B250B1E678C0A0084EFBD /* WordSearch.m in Sources */ = {isa = PBXBuildFile; fileRef = 792B250A1E678C0A0084EFBD /* WordSearch.m */; };
		792B250F1E6824750084EFBD /* CombinationSum.m in Sources */ = {isa = PBXBuildFile; fileRef = 792B250E1E6824750084EFBD /* CombinationSum.m */; };
		792B25131E6836A70084EFBD /* BinaryTreeInorderTraversal.m in Sources */ = {isa = PBXBuildFile; fileRef = 792B25121E6836A70084EFBD /* BinaryTreeInorderTraversal.m */; };
		792B25171E684AE20084EFBD /* BinarySearchTreeIterator.m in Sources */ = {isa = PBXBuildFile; fileRef = 792B25161E684AE20084EFBD /* BinarySearchTreeIterator.m */; };
		792B251B1E68731C0084EFBD /* RegularExpressionMatching.m in Sources */ = {isa = PBXBuildFile; fileRef = 792B251A1E68731C0084EFBD /* RegularExpressionMatching.m */; };
		792B251F1E689E0D0084EFBD /* SummaryRanges.m in Sources */ = {isa = PBXBuildFile; fileRef = 792B251E1E689E0D0084EFBD /* SummaryRanges.m */; };
		792B25231E68BCFC0084EFBD /* TaskScheduler.m in Sources */ = {isa = PBXBuildFile; fileRef = 792B25221E68BCFC0084EFBD /* TaskScheduler.m */; };
		792B25271E68C9790084EFBD /* ReverseLinkedList.m in Sources */ = {isa = PBXBuildFile; fileRef = 792B25261E68C9790084EFBD /* ReverseLinkedList.m */; };
		792B252E1E68E4140084EFBD /* ValidateBST.m in Sources */ = {isa = PBXBuildFile; fileRef = 792B252D1E68E4140084EFBD /* ValidateBST.m */; };
		792B25321E6984BD0084EFBD /* MergeKLists.m in Sources */ = {isa = PBXBuildFile; fileRef = 792B25311E6984BD0084EFBD /* MergeKLists.m */; };
		792B25361E69945D0084EFBD /* MergeIntervals.m in Sources */ = {isa = PBXBuildFile; fileRef = 792B25351E69945D0084EFBD /* MergeIntervals.m */; };
		792B253A1E6994B50084EFBD /* Interval.m in Sources */ = {isa = PBXBuildFile; fileRef = 792B25391E6994B50084EFBD /* Interval.m */; };
		792B253E1E69ABA40084EFBD /* SearchRotatedSortedArray.m in Sources */ = {isa = PBXBuildFile; fileRef = 792B253D1E69ABA40084EFBD /* SearchRotatedSortedArray.m */; };
		792B25421E69E4520084EFBD /* BinaryTreeVerticalOrderTraversal.m in Sources */ = {isa = PBXBuildFile; fileRef = 792B25411E69E4520084EFBD /* BinaryTreeVerticalOrderTraversal.m */; };
		792B25461E6A55720084EFBD /* ExpressionAddOperatiors.m in Sources */ = {isa = PBXBuildFile; fileRef = 792B25451E6A55720084EFBD /* ExpressionAddOperatiors.m */; };
		792B254A1E6A5A140084EFBD /* MostFrequentlyOccuringCharacters.m in Sources */ = {isa = PBXBuildFile; fileRef = 792B25491E6A5A140084EFBD /* MostFrequentlyOccuringCharacters.m */; };
		792B254E1E6A5F270084EFBD /* WordBreak.m in Sources */ = {isa = PBXBuildFile; fileRef = 792B254D1E6A5F270084EFBD /* WordBreak.m */; };
		792B25521E6AD6D80084EFBD /* IntersectionOfTwoArrays.m in Sources */ = {isa = PBXBuildFile; fileRef = 792B25511E6AD6D80084EFBD /* IntersectionOfTwoArrays.m */; };
		792B25561E6AE8950084EFBD /* PopulatingNextRightsPointer.m in Sources */ = {isa = PBXBuildFile; fileRef = 792B25551E6AE8950084EFBD /* PopulatingNextRightsPointer.m */; };
		792B255A1E6AE8B50084EFBD /* TreeLinkNode.m in Sources */ = {isa = PBXBuildFile; fileRef = 792B25591E6AE8B50084EFBD /* TreeLinkNode.m */; };
		792B255E1E6B2E1A0084EFBD /* SortedSquaresOfSortedNumbers.m in Sources */ = {isa = PBXBuildFile; fileRef = 792B255D1E6B2E1A0084EFBD /* SortedSquaresOfSortedNumbers.m */; };
		792B25621E6B58650084EFBD /* LongestPalindromicSubstring.m in Sources */ = {isa = PBXBuildFile; fileRef = 792B25611E6B58650084EFBD /* LongestPalindromicSubstring.m */; };
		792B25661E6B61140084EFBD /* LetterCombinationsOfPhoneNumber.m in Sources */ = {isa = PBXBuildFile; fileRef = 792B25651E6B61140084EFBD /* LetterCombinationsOfPhoneNumber.m */; };
		792B256A1E6B67660084EFBD /* GenerateParentheses.m in Sources */ = {isa = PBXBuildFile; fileRef = 792B25691E6B67660084EFBD /* GenerateParentheses.m */; };
		793CFF051E5DEF2500AB1B78 /* main.m in Sources */ = {isa = PBXBuildFile; fileRef = 793CFF041E5DEF2500AB1B78 /* main.m */; };
		793CFF0F1E5E00E300AB1B78 /* GitVersionControl.m in Sources */ = {isa = PBXBuildFile; fileRef = 793CFF0E1E5E00E300AB1B78 /* GitVersionControl.m */; };
		793CFF131E5E13EB00AB1B78 /* MaximumNumber.m in Sources */ = {isa = PBXBuildFile; fileRef = 793CFF121E5E13EB00AB1B78 /* MaximumNumber.m */; };
		793CFF171E5E22DD00AB1B78 /* BinaryTreeLayerAverage.m in Sources */ = {isa = PBXBuildFile; fileRef = 793CFF161E5E22DD00AB1B78 /* BinaryTreeLayerAverage.m */; };
		793CFF1B1E5E2CB100AB1B78 /* AllPathsOfTree.m in Sources */ = {isa = PBXBuildFile; fileRef = 793CFF1A1E5E2CB100AB1B78 /* AllPathsOfTree.m */; };
		793CFF1F1E5E2CF200AB1B78 /* Tree.m in Sources */ = {isa = PBXBuildFile; fileRef = 793CFF1E1E5E2CF200AB1B78 /* Tree.m */; };
		793CFF231E5E36E400AB1B78 /* RunLengthEncoding.m in Sources */ = {isa = PBXBuildFile; fileRef = 793CFF221E5E36E400AB1B78 /* RunLengthEncoding.m */; };
		799F30C91E5F63710010365B /* VerifyPreorderBST.m in Sources */ = {isa = PBXBuildFile; fileRef = 799F30C81E5F63710010365B /* VerifyPreorderBST.m */; };
		799F30CD1E5F7BB40010365B /* KCloestPoints.m in Sources */ = {isa = PBXBuildFile; fileRef = 799F30CC1E5F7BB40010365B /* KCloestPoints.m */; };
		799F30D11E5F8C010010365B /* BinaryTreeToDLL.m in Sources */ = {isa = PBXBuildFile; fileRef = 799F30D01E5F8C010010365B /* BinaryTreeToDLL.m */; };
		799F30D51E5FA2620010365B /* LowestCommonAncestor.m in Sources */ = {isa = PBXBuildFile; fileRef = 799F30D41E5FA2620010365B /* LowestCommonAncestor.m */; };
		79BD49991E61896B00405D6A /* SortColors.m in Sources */ = {isa = PBXBuildFile; fileRef = 79BD49981E61896B00405D6A /* SortColors.m */; };
		79BD499D1E61E4FA00405D6A /* RemoveInvalidParentheses.m in Sources */ = {isa = PBXBuildFile; fileRef = 79BD499C1E61E4FA00405D6A /* RemoveInvalidParentheses.m */; };
		79BD49A11E62132600405D6A /* NumberIsland.m in Sources */ = {isa = PBXBuildFile; fileRef = 79BD49A01E62132600405D6A /* NumberIsland.m */; };
		79BD49A51E62539900405D6A /* FindMinimumInRotatedSortedArray.m in Sources */ = {isa = PBXBuildFile; fileRef = 79BD49A41E62539900405D6A /* FindMinimumInRotatedSortedArray.m */; };
/* End PBXBuildFile section */

/* Begin PBXCopyFilesBuildPhase section */
		793CFEFF1E5DEF2400AB1B78 /* CopyFiles */ = {
			isa = PBXCopyFilesBuildPhase;
			buildActionMask = 2147483647;
			dstPath = /usr/share/man/man1/;
			dstSubfolderSpec = 0;
			files = (
			);
			runOnlyForDeploymentPostprocessing = 1;
		};
/* End PBXCopyFilesBuildPhase section */

/* Begin PBXFileReference section */
		791C30DA1E62E93200E90ED7 /* PaintHouses.h */ = {isa = PBXFileReference; fileEncoding = 4; lastKnownFileType = sourcecode.c.h; path = PaintHouses.h; sourceTree = "<group>"; };
		791C30DB1E62E93200E90ED7 /* PaintHouses.m */ = {isa = PBXFileReference; fileEncoding = 4; lastKnownFileType = sourcecode.c.objc; path = PaintHouses.m; sourceTree = "<group>"; };
		791C30DE1E63118D00E90ED7 /* ConvertSortedListToBST.h */ = {isa = PBXFileReference; fileEncoding = 4; lastKnownFileType = sourcecode.c.h; path = ConvertSortedListToBST.h; sourceTree = "<group>"; };
		791C30DF1E63118D00E90ED7 /* ConvertSortedListToBST.m */ = {isa = PBXFileReference; fileEncoding = 4; lastKnownFileType = sourcecode.c.objc; path = ConvertSortedListToBST.m; sourceTree = "<group>"; };
		791C30E11E6311B100E90ED7 /* ListNode.h */ = {isa = PBXFileReference; fileEncoding = 4; lastKnownFileType = sourcecode.c.h; path = ListNode.h; sourceTree = "<group>"; };
		791C30E21E6311B100E90ED7 /* ListNode.m */ = {isa = PBXFileReference; fileEncoding = 4; lastKnownFileType = sourcecode.c.objc; path = ListNode.m; sourceTree = "<group>"; };
		791C30E51E6319E700E90ED7 /* CoinChange.h */ = {isa = PBXFileReference; fileEncoding = 4; lastKnownFileType = sourcecode.c.h; path = CoinChange.h; sourceTree = "<group>"; };
		791C30E61E6319E700E90ED7 /* CoinChange.m */ = {isa = PBXFileReference; fileEncoding = 4; lastKnownFileType = sourcecode.c.objc; path = CoinChange.m; sourceTree = "<group>"; };
		791C30E91E63595D00E90ED7 /* DivideTwoIntegers.h */ = {isa = PBXFileReference; fileEncoding = 4; lastKnownFileType = sourcecode.c.h; path = DivideTwoIntegers.h; sourceTree = "<group>"; };
		791C30EA1E63595D00E90ED7 /* DivideTwoIntegers.m */ = {isa = PBXFileReference; fileEncoding = 4; lastKnownFileType = sourcecode.c.objc; path = DivideTwoIntegers.m; sourceTree = "<group>"; };
		791C30ED1E635FCB00E90ED7 /* MoveZeros.h */ = {isa = PBXFileReference; fileEncoding = 4; lastKnownFileType = sourcecode.c.h; path = MoveZeros.h; sourceTree = "<group>"; };
		791C30EE1E635FCB00E90ED7 /* MoveZeros.m */ = {isa = PBXFileReference; fileEncoding = 4; lastKnownFileType = sourcecode.c.objc; path = MoveZeros.m; sourceTree = "<group>"; };
		791C30F51E63839200E90ED7 /* Trie.h */ = {isa = PBXFileReference; fileEncoding = 4; lastKnownFileType = sourcecode.c.h; path = Trie.h; sourceTree = "<group>"; };
		791C30F61E63839200E90ED7 /* Trie.m */ = {isa = PBXFileReference; fileEncoding = 4; lastKnownFileType = sourcecode.c.objc; path = Trie.m; sourceTree = "<group>"; };
		791C30F81E6383BA00E90ED7 /* TrieNode.h */ = {isa = PBXFileReference; fileEncoding = 4; lastKnownFileType = sourcecode.c.h; path = TrieNode.h; sourceTree = "<group>"; };
		791C30F91E6383BA00E90ED7 /* TrieNode.m */ = {isa = PBXFileReference; fileEncoding = 4; lastKnownFileType = sourcecode.c.objc; path = TrieNode.m; sourceTree = "<group>"; };
		791C30FB1E63856F00E90ED7 /* AddAndSearchWord.h */ = {isa = PBXFileReference; fileEncoding = 4; lastKnownFileType = sourcecode.c.h; path = AddAndSearchWord.h; sourceTree = "<group>"; };
		791C30FC1E63856F00E90ED7 /* AddAndSearchWord.m */ = {isa = PBXFileReference; fileEncoding = 4; lastKnownFileType = sourcecode.c.objc; path = AddAndSearchWord.m; sourceTree = "<group>"; };
		792B24A81E641FEE0084EFBD /* ThreeSum.h */ = {isa = PBXFileReference; fileEncoding = 4; lastKnownFileType = sourcecode.c.h; path = ThreeSum.h; sourceTree = "<group>"; };
		792B24A91E641FEE0084EFBD /* ThreeSum.m */ = {isa = PBXFileReference; fileEncoding = 4; lastKnownFileType = sourcecode.c.objc; path = ThreeSum.m; sourceTree = "<group>"; };
		792B24AC1E6435580084EFBD /* FourSum.h */ = {isa = PBXFileReference; fileEncoding = 4; lastKnownFileType = sourcecode.c.h; path = FourSum.h; sourceTree = "<group>"; };
		792B24AD1E6435580084EFBD /* FourSum.m */ = {isa = PBXFileReference; fileEncoding = 4; lastKnownFileType = sourcecode.c.objc; path = FourSum.m; sourceTree = "<group>"; };
		792B24B01E64808E0084EFBD /* PrettyJSONString.h */ = {isa = PBXFileReference; fileEncoding = 4; lastKnownFileType = sourcecode.c.h; path = PrettyJSONString.h; sourceTree = "<group>"; };
		792B24B11E64808E0084EFBD /* PrettyJSONString.m */ = {isa = PBXFileReference; fileEncoding = 4; lastKnownFileType = sourcecode.c.objc; path = PrettyJSONString.m; sourceTree = "<group>"; };
		792B24B41E64A6540084EFBD /* FlattenNestedListIterator.h */ = {isa = PBXFileReference; fileEncoding = 4; lastKnownFileType = sourcecode.c.h; path = FlattenNestedListIterator.h; sourceTree = "<group>"; };
		792B24B51E64A6540084EFBD /* FlattenNestedListIterator.m */ = {isa = PBXFileReference; fileEncoding = 4; lastKnownFileType = sourcecode.c.objc; path = FlattenNestedListIterator.m; sourceTree = "<group>"; };
		792B24B81E64B2C40084EFBD /* BinaryTreeLevelOrderTraversal.h */ = {isa = PBXFileReference; fileEncoding = 4; lastKnownFileType = sourcecode.c.h; path = BinaryTreeLevelOrderTraversal.h; sourceTree = "<group>"; };
		792B24B91E64B2C40084EFBD /* BinaryTreeLevelOrderTraversal.m */ = {isa = PBXFileReference; fileEncoding = 4; lastKnownFileType = sourcecode.c.objc; path = BinaryTreeLevelOrderTraversal.m; sourceTree = "<group>"; };
		792B24BC1E64C2E40084EFBD /* MergeSortedArrays.h */ = {isa = PBXFileReference; fileEncoding = 4; lastKnownFileType = sourcecode.c.h; path = MergeSortedArrays.h; sourceTree = "<group>"; };
		792B24BD1E64C2E40084EFBD /* MergeSortedArrays.m */ = {isa = PBXFileReference; fileEncoding = 4; lastKnownFileType = sourcecode.c.objc; path = MergeSortedArrays.m; sourceTree = "<group>"; };
		792B24C01E64E2270084EFBD /* BalanceParentheses.h */ = {isa = PBXFileReference; fileEncoding = 4; lastKnownFileType = sourcecode.c.h; path = BalanceParentheses.h; sourceTree = "<group>"; };
		792B24C11E64E2270084EFBD /* BalanceParentheses.m */ = {isa = PBXFileReference; fileEncoding = 4; lastKnownFileType = sourcecode.c.objc; path = BalanceParentheses.m; sourceTree = "<group>"; };
		792B24C41E658A490084EFBD /* DecodeWays.h */ = {isa = PBXFileReference; fileEncoding = 4; lastKnownFileType = sourcecode.c.h; path = DecodeWays.h; sourceTree = "<group>"; };
		792B24C51E658A490084EFBD /* DecodeWays.m */ = {isa = PBXFileReference; fileEncoding = 4; lastKnownFileType = sourcecode.c.objc; path = DecodeWays.m; sourceTree = "<group>"; };
		792B24C91E658C2A0084EFBD /* LongestConsecutive.h */ = {isa = PBXFileReference; fileEncoding = 4; lastKnownFileType = sourcecode.c.h; path = LongestConsecutive.h; sourceTree = "<group>"; };
		792B24CA1E658C2A0084EFBD /* LongestConsecutive.m */ = {isa = PBXFileReference; fileEncoding = 4; lastKnownFileType = sourcecode.c.objc; path = LongestConsecutive.m; sourceTree = "<group>"; };
		792B24CD1E65B9480084EFBD /* BSTFromPreorder.h */ = {isa = PBXFileReference; fileEncoding = 4; lastKnownFileType = sourcecode.c.h; path = BSTFromPreorder.h; sourceTree = "<group>"; };
		792B24CE1E65B9480084EFBD /* BSTFromPreorder.m */ = {isa = PBXFileReference; fileEncoding = 4; lastKnownFileType = sourcecode.c.objc; path = BSTFromPreorder.m; sourceTree = "<group>"; };
		792B24D11E65C9000084EFBD /* SubarraySumToK.h */ = {isa = PBXFileReference; fileEncoding = 4; lastKnownFileType = sourcecode.c.h; path = SubarraySumToK.h; sourceTree = "<group>"; };
		792B24D21E65C9000084EFBD /* SubarraySumToK.m */ = {isa = PBXFileReference; fileEncoding = 4; lastKnownFileType = sourcecode.c.objc; path = SubarraySumToK.m; sourceTree = "<group>"; };
		792B24D51E65DB270084EFBD /* MaximumSubarraySizeSumToK.h */ = {isa = PBXFileReference; fileEncoding = 4; lastKnownFileType = sourcecode.c.h; path = MaximumSubarraySizeSumToK.h; sourceTree = "<group>"; };
		792B24D61E65DB270084EFBD /* MaximumSubarraySizeSumToK.m */ = {isa = PBXFileReference; fileEncoding = 4; lastKnownFileType = sourcecode.c.objc; path = MaximumSubarraySizeSumToK.m; sourceTree = "<group>"; };
		792B24D91E65FCF90084EFBD /* SubmatrixSumToK.h */ = {isa = PBXFileReference; fileEncoding = 4; lastKnownFileType = sourcecode.c.h; path = SubmatrixSumToK.h; sourceTree = "<group>"; };
		792B24DA1E65FCF90084EFBD /* SubmatrixSumToK.m */ = {isa = PBXFileReference; fileEncoding = 4; lastKnownFileType = sourcecode.c.objc; path = SubmatrixSumToK.m; sourceTree = "<group>"; };
		792B24DD1E6611980084EFBD /* StrStr.h */ = {isa = PBXFileReference; fileEncoding = 4; lastKnownFileType = sourcecode.c.h; path = StrStr.h; sourceTree = "<group>"; };
		792B24DE1E6611980084EFBD /* StrStr.m */ = {isa = PBXFileReference; fileEncoding = 4; lastKnownFileType = sourcecode.c.objc; path = StrStr.m; sourceTree = "<group>"; };
		792B24E11E6619360084EFBD /* MinimumDepth.h */ = {isa = PBXFileReference; fileEncoding = 4; lastKnownFileType = sourcecode.c.h; path = MinimumDepth.h; sourceTree = "<group>"; };
		792B24E21E6619360084EFBD /* MinimumDepth.m */ = {isa = PBXFileReference; fileEncoding = 4; lastKnownFileType = sourcecode.c.objc; path = MinimumDepth.m; sourceTree = "<group>"; };
		792B24E51E661EB60084EFBD /* Read4.h */ = {isa = PBXFileReference; fileEncoding = 4; lastKnownFileType = sourcecode.c.h; path = Read4.h; sourceTree = "<group>"; };
		792B24E61E661EB60084EFBD /* Read4.m */ = {isa = PBXFileReference; fileEncoding = 4; lastKnownFileType = sourcecode.c.objc; path = Read4.m; sourceTree = "<group>"; };
		792B24E91E66277D0084EFBD /* BestTimeBuySellStock.h */ = {isa = PBXFileReference; fileEncoding = 4; lastKnownFileType = sourcecode.c.h; path = BestTimeBuySellStock.h; sourceTree = "<group>"; };
		792B24EA1E66277D0084EFBD /* BestTimeBuySellStock.m */ = {isa = PBXFileReference; fileEncoding = 4; lastKnownFileType = sourcecode.c.objc; path = BestTimeBuySellStock.m; sourceTree = "<group>"; };
		792B24ED1E66354F0084EFBD /* BinaryTreePaths.h */ = {isa = PBXFileReference; fileEncoding = 4; lastKnownFileType = sourcecode.c.h; path = BinaryTreePaths.h; sourceTree = "<group>"; };
		792B24EE1E66354F0084EFBD /* BinaryTreePaths.m */ = {isa = PBXFileReference; fileEncoding = 4; lastKnownFileType = sourcecode.c.objc; path = BinaryTreePaths.m; sourceTree = "<group>"; };
		792B24F11E66D8090084EFBD /* ContainsDuplicate.h */ = {isa = PBXFileReference; fileEncoding = 4; lastKnownFileType = sourcecode.c.h; path = ContainsDuplicate.h; sourceTree = "<group>"; };
		792B24F21E66D8090084EFBD /* ContainsDuplicate.m */ = {isa = PBXFileReference; fileEncoding = 4; lastKnownFileType = sourcecode.c.objc; path = ContainsDuplicate.m; sourceTree = "<group>"; };
		792B24F51E66FFD50084EFBD /* FindAllAnagrams.h */ = {isa = PBXFileReference; fileEncoding = 4; lastKnownFileType = sourcecode.c.h; path = FindAllAnagrams.h; sourceTree = "<group>"; };
		792B24F61E66FFD50084EFBD /* FindAllAnagrams.m */ = {isa = PBXFileReference; fileEncoding = 4; lastKnownFileType = sourcecode.c.objc; path = FindAllAnagrams.m; sourceTree = "<group>"; };
		792B24F91E6705250084EFBD /* FirstBadVersion.h */ = {isa = PBXFileReference; fileEncoding = 4; lastKnownFileType = sourcecode.c.h; path = FirstBadVersion.h; sourceTree = "<group>"; };
		792B24FA1E6705250084EFBD /* FirstBadVersion.m */ = {isa = PBXFileReference; fileEncoding = 4; lastKnownFileType = sourcecode.c.objc; path = FirstBadVersion.m; sourceTree = "<group>"; };
		792B24FD1E6713760084EFBD /* ValidatePalindrome.h */ = {isa = PBXFileReference; fileEncoding = 4; lastKnownFileType = sourcecode.c.h; path = ValidatePalindrome.h; sourceTree = "<group>"; };
		792B24FE1E6713760084EFBD /* ValidatePalindrome.m */ = {isa = PBXFileReference; fileEncoding = 4; lastKnownFileType = sourcecode.c.objc; path = ValidatePalindrome.m; sourceTree = "<group>"; };
		792B25011E6758BF0084EFBD /* LongestArithmeticSequence.h */ = {isa = PBXFileReference; fileEncoding = 4; lastKnownFileType = sourcecode.c.h; path = LongestArithmeticSequence.h; sourceTree = "<group>"; };
		792B25021E6758BF0084EFBD /* LongestArithmeticSequence.m */ = {isa = PBXFileReference; fileEncoding = 4; lastKnownFileType = sourcecode.c.objc; path = LongestArithmeticSequence.m; sourceTree = "<group>"; };
		792B25051E6762880084EFBD /* BinaryTreeLongestConsecutiveSequence.h */ = {isa = PBXFileReference; fileEncoding = 4; lastKnownFileType = sourcecode.c.h; path = BinaryTreeLongestConsecutiveSequence.h; sourceTree = "<group>"; };
		792B25061E6762880084EFBD /* BinaryTreeLongestConsecutiveSequence.m */ = {isa = PBXFileReference; fileEncoding = 4; lastKnownFileType = sourcecode.c.objc; path = BinaryTreeLongestConsecutiveSequence.m; sourceTree = "<group>"; };
		792B25091E678C0A0084EFBD /* WordSearch.h */ = {isa = PBXFileReference; fileEncoding = 4; lastKnownFileType = sourcecode.c.h; path = WordSearch.h; sourceTree = "<group>"; };
		792B250A1E678C0A0084EFBD /* WordSearch.m */ = {isa = PBXFileReference; fileEncoding = 4; lastKnownFileType = sourcecode.c.objc; path = WordSearch.m; sourceTree = "<group>"; };
		792B250D1E6824750084EFBD /* CombinationSum.h */ = {isa = PBXFileReference; fileEncoding = 4; lastKnownFileType = sourcecode.c.h; path = CombinationSum.h; sourceTree = "<group>"; };
		792B250E1E6824750084EFBD /* CombinationSum.m */ = {isa = PBXFileReference; fileEncoding = 4; lastKnownFileType = sourcecode.c.objc; path = CombinationSum.m; sourceTree = "<group>"; };
		792B25111E6836A70084EFBD /* BinaryTreeInorderTraversal.h */ = {isa = PBXFileReference; fileEncoding = 4; lastKnownFileType = sourcecode.c.h; path = BinaryTreeInorderTraversal.h; sourceTree = "<group>"; };
		792B25121E6836A70084EFBD /* BinaryTreeInorderTraversal.m */ = {isa = PBXFileReference; fileEncoding = 4; lastKnownFileType = sourcecode.c.objc; path = BinaryTreeInorderTraversal.m; sourceTree = "<group>"; };
		792B25151E684AE20084EFBD /* BinarySearchTreeIterator.h */ = {isa = PBXFileReference; fileEncoding = 4; lastKnownFileType = sourcecode.c.h; path = BinarySearchTreeIterator.h; sourceTree = "<group>"; };
		792B25161E684AE20084EFBD /* BinarySearchTreeIterator.m */ = {isa = PBXFileReference; fileEncoding = 4; lastKnownFileType = sourcecode.c.objc; path = BinarySearchTreeIterator.m; sourceTree = "<group>"; };
		792B25191E68731C0084EFBD /* RegularExpressionMatching.h */ = {isa = PBXFileReference; fileEncoding = 4; lastKnownFileType = sourcecode.c.h; path = RegularExpressionMatching.h; sourceTree = "<group>"; };
		792B251A1E68731C0084EFBD /* RegularExpressionMatching.m */ = {isa = PBXFileReference; fileEncoding = 4; lastKnownFileType = sourcecode.c.objc; path = RegularExpressionMatching.m; sourceTree = "<group>"; };
		792B251D1E689E0D0084EFBD /* SummaryRanges.h */ = {isa = PBXFileReference; fileEncoding = 4; lastKnownFileType = sourcecode.c.h; path = SummaryRanges.h; sourceTree = "<group>"; };
		792B251E1E689E0D0084EFBD /* SummaryRanges.m */ = {isa = PBXFileReference; fileEncoding = 4; lastKnownFileType = sourcecode.c.objc; path = SummaryRanges.m; sourceTree = "<group>"; };
		792B25211E68BCFC0084EFBD /* TaskScheduler.h */ = {isa = PBXFileReference; fileEncoding = 4; lastKnownFileType = sourcecode.c.h; path = TaskScheduler.h; sourceTree = "<group>"; };
		792B25221E68BCFC0084EFBD /* TaskScheduler.m */ = {isa = PBXFileReference; fileEncoding = 4; lastKnownFileType = sourcecode.c.objc; path = TaskScheduler.m; sourceTree = "<group>"; };
		792B25251E68C9790084EFBD /* ReverseLinkedList.h */ = {isa = PBXFileReference; fileEncoding = 4; lastKnownFileType = sourcecode.c.h; path = ReverseLinkedList.h; sourceTree = "<group>"; };
		792B25261E68C9790084EFBD /* ReverseLinkedList.m */ = {isa = PBXFileReference; fileEncoding = 4; lastKnownFileType = sourcecode.c.objc; path = ReverseLinkedList.m; sourceTree = "<group>"; };
		792B252C1E68E4140084EFBD /* ValidateBST.h */ = {isa = PBXFileReference; fileEncoding = 4; lastKnownFileType = sourcecode.c.h; path = ValidateBST.h; sourceTree = "<group>"; };
		792B252D1E68E4140084EFBD /* ValidateBST.m */ = {isa = PBXFileReference; fileEncoding = 4; lastKnownFileType = sourcecode.c.objc; path = ValidateBST.m; sourceTree = "<group>"; };
		792B25301E6984BD0084EFBD /* MergeKLists.h */ = {isa = PBXFileReference; fileEncoding = 4; lastKnownFileType = sourcecode.c.h; path = MergeKLists.h; sourceTree = "<group>"; };
		792B25311E6984BD0084EFBD /* MergeKLists.m */ = {isa = PBXFileReference; fileEncoding = 4; lastKnownFileType = sourcecode.c.objc; path = MergeKLists.m; sourceTree = "<group>"; };
		792B25341E69945D0084EFBD /* MergeIntervals.h */ = {isa = PBXFileReference; fileEncoding = 4; lastKnownFileType = sourcecode.c.h; path = MergeIntervals.h; sourceTree = "<group>"; };
		792B25351E69945D0084EFBD /* MergeIntervals.m */ = {isa = PBXFileReference; fileEncoding = 4; lastKnownFileType = sourcecode.c.objc; path = MergeIntervals.m; sourceTree = "<group>"; };
		792B25381E6994B50084EFBD /* Interval.h */ = {isa = PBXFileReference; fileEncoding = 4; lastKnownFileType = sourcecode.c.h; path = Interval.h; sourceTree = "<group>"; };
		792B25391E6994B50084EFBD /* Interval.m */ = {isa = PBXFileReference; fileEncoding = 4; lastKnownFileType = sourcecode.c.objc; path = Interval.m; sourceTree = "<group>"; };
		792B253C1E69ABA40084EFBD /* SearchRotatedSortedArray.h */ = {isa = PBXFileReference; fileEncoding = 4; lastKnownFileType = sourcecode.c.h; path = SearchRotatedSortedArray.h; sourceTree = "<group>"; };
		792B253D1E69ABA40084EFBD /* SearchRotatedSortedArray.m */ = {isa = PBXFileReference; fileEncoding = 4; lastKnownFileType = sourcecode.c.objc; path = SearchRotatedSortedArray.m; sourceTree = "<group>"; };
		792B25401E69E4520084EFBD /* BinaryTreeVerticalOrderTraversal.h */ = {isa = PBXFileReference; fileEncoding = 4; lastKnownFileType = sourcecode.c.h; path = BinaryTreeVerticalOrderTraversal.h; sourceTree = "<group>"; };
		792B25411E69E4520084EFBD /* BinaryTreeVerticalOrderTraversal.m */ = {isa = PBXFileReference; fileEncoding = 4; lastKnownFileType = sourcecode.c.objc; path = BinaryTreeVerticalOrderTraversal.m; sourceTree = "<group>"; };
		792B25441E6A55720084EFBD /* ExpressionAddOperatiors.h */ = {isa = PBXFileReference; fileEncoding = 4; lastKnownFileType = sourcecode.c.h; path = ExpressionAddOperatiors.h; sourceTree = "<group>"; };
		792B25451E6A55720084EFBD /* ExpressionAddOperatiors.m */ = {isa = PBXFileReference; fileEncoding = 4; lastKnownFileType = sourcecode.c.objc; path = ExpressionAddOperatiors.m; sourceTree = "<group>"; };
		792B25481E6A5A140084EFBD /* MostFrequentlyOccuringCharacters.h */ = {isa = PBXFileReference; fileEncoding = 4; lastKnownFileType = sourcecode.c.h; path = MostFrequentlyOccuringCharacters.h; sourceTree = "<group>"; };
		792B25491E6A5A140084EFBD /* MostFrequentlyOccuringCharacters.m */ = {isa = PBXFileReference; fileEncoding = 4; lastKnownFileType = sourcecode.c.objc; path = MostFrequentlyOccuringCharacters.m; sourceTree = "<group>"; };
		792B254C1E6A5F270084EFBD /* WordBreak.h */ = {isa = PBXFileReference; fileEncoding = 4; lastKnownFileType = sourcecode.c.h; path = WordBreak.h; sourceTree = "<group>"; };
		792B254D1E6A5F270084EFBD /* WordBreak.m */ = {isa = PBXFileReference; fileEncoding = 4; lastKnownFileType = sourcecode.c.objc; path = WordBreak.m; sourceTree = "<group>"; };
		792B25501E6AD6D80084EFBD /* IntersectionOfTwoArrays.h */ = {isa = PBXFileReference; fileEncoding = 4; lastKnownFileType = sourcecode.c.h; path = IntersectionOfTwoArrays.h; sourceTree = "<group>"; };
		792B25511E6AD6D80084EFBD /* IntersectionOfTwoArrays.m */ = {isa = PBXFileReference; fileEncoding = 4; lastKnownFileType = sourcecode.c.objc; path = IntersectionOfTwoArrays.m; sourceTree = "<group>"; };
		792B25541E6AE8950084EFBD /* PopulatingNextRightsPointer.h */ = {isa = PBXFileReference; fileEncoding = 4; lastKnownFileType = sourcecode.c.h; path = PopulatingNextRightsPointer.h; sourceTree = "<group>"; };
		792B25551E6AE8950084EFBD /* PopulatingNextRightsPointer.m */ = {isa = PBXFileReference; fileEncoding = 4; lastKnownFileType = sourcecode.c.objc; path = PopulatingNextRightsPointer.m; sourceTree = "<group>"; };
		792B25581E6AE8B50084EFBD /* TreeLinkNode.h */ = {isa = PBXFileReference; fileEncoding = 4; lastKnownFileType = sourcecode.c.h; path = TreeLinkNode.h; sourceTree = "<group>"; };
		792B25591E6AE8B50084EFBD /* TreeLinkNode.m */ = {isa = PBXFileReference; fileEncoding = 4; lastKnownFileType = sourcecode.c.objc; path = TreeLinkNode.m; sourceTree = "<group>"; };
		792B255C1E6B2E1A0084EFBD /* SortedSquaresOfSortedNumbers.h */ = {isa = PBXFileReference; fileEncoding = 4; lastKnownFileType = sourcecode.c.h; path = SortedSquaresOfSortedNumbers.h; sourceTree = "<group>"; };
		792B255D1E6B2E1A0084EFBD /* SortedSquaresOfSortedNumbers.m */ = {isa = PBXFileReference; fileEncoding = 4; lastKnownFileType = sourcecode.c.objc; path = SortedSquaresOfSortedNumbers.m; sourceTree = "<group>"; };
		792B25601E6B58650084EFBD /* LongestPalindromicSubstring.h */ = {isa = PBXFileReference; fileEncoding = 4; lastKnownFileType = sourcecode.c.h; path = LongestPalindromicSubstring.h; sourceTree = "<group>"; };
		792B25611E6B58650084EFBD /* LongestPalindromicSubstring.m */ = {isa = PBXFileReference; fileEncoding = 4; lastKnownFileType = sourcecode.c.objc; path = LongestPalindromicSubstring.m; sourceTree = "<group>"; };
		792B25641E6B61140084EFBD /* LetterCombinationsOfPhoneNumber.h */ = {isa = PBXFileReference; fileEncoding = 4; lastKnownFileType = sourcecode.c.h; path = LetterCombinationsOfPhoneNumber.h; sourceTree = "<group>"; };
		792B25651E6B61140084EFBD /* LetterCombinationsOfPhoneNumber.m */ = {isa = PBXFileReference; fileEncoding = 4; lastKnownFileType = sourcecode.c.objc; path = LetterCombinationsOfPhoneNumber.m; sourceTree = "<group>"; };
		792B25681E6B67660084EFBD /* GenerateParentheses.h */ = {isa = PBXFileReference; fileEncoding = 4; lastKnownFileType = sourcecode.c.h; path = GenerateParentheses.h; sourceTree = "<group>"; };
		792B25691E6B67660084EFBD /* GenerateParentheses.m */ = {isa = PBXFileReference; fileEncoding = 4; lastKnownFileType = sourcecode.c.objc; path = GenerateParentheses.m; sourceTree = "<group>"; };
		793CFF011E5DEF2500AB1B78 /* PhoneScreenPractice */ = {isa = PBXFileReference; explicitFileType = "compiled.mach-o.executable"; includeInIndex = 0; path = PhoneScreenPractice; sourceTree = BUILT_PRODUCTS_DIR; };
		793CFF041E5DEF2500AB1B78 /* main.m */ = {isa = PBXFileReference; lastKnownFileType = sourcecode.c.objc; path = main.m; sourceTree = "<group>"; };
		793CFF0D1E5E00E300AB1B78 /* GitVersionControl.h */ = {isa = PBXFileReference; fileEncoding = 4; lastKnownFileType = sourcecode.c.h; path = GitVersionControl.h; sourceTree = "<group>"; };
		793CFF0E1E5E00E300AB1B78 /* GitVersionControl.m */ = {isa = PBXFileReference; fileEncoding = 4; lastKnownFileType = sourcecode.c.objc; path = GitVersionControl.m; sourceTree = "<group>"; };
		793CFF111E5E13EB00AB1B78 /* MaximumNumber.h */ = {isa = PBXFileReference; fileEncoding = 4; lastKnownFileType = sourcecode.c.h; path = MaximumNumber.h; sourceTree = "<group>"; };
		793CFF121E5E13EB00AB1B78 /* MaximumNumber.m */ = {isa = PBXFileReference; fileEncoding = 4; lastKnownFileType = sourcecode.c.objc; path = MaximumNumber.m; sourceTree = "<group>"; };
		793CFF151E5E22DD00AB1B78 /* BinaryTreeLayerAverage.h */ = {isa = PBXFileReference; fileEncoding = 4; lastKnownFileType = sourcecode.c.h; path = BinaryTreeLayerAverage.h; sourceTree = "<group>"; };
		793CFF161E5E22DD00AB1B78 /* BinaryTreeLayerAverage.m */ = {isa = PBXFileReference; fileEncoding = 4; lastKnownFileType = sourcecode.c.objc; path = BinaryTreeLayerAverage.m; sourceTree = "<group>"; };
		793CFF191E5E2CB100AB1B78 /* AllPathsOfTree.h */ = {isa = PBXFileReference; fileEncoding = 4; lastKnownFileType = sourcecode.c.h; path = AllPathsOfTree.h; sourceTree = "<group>"; };
		793CFF1A1E5E2CB100AB1B78 /* AllPathsOfTree.m */ = {isa = PBXFileReference; fileEncoding = 4; lastKnownFileType = sourcecode.c.objc; path = AllPathsOfTree.m; sourceTree = "<group>"; };
		793CFF1D1E5E2CF200AB1B78 /* Tree.h */ = {isa = PBXFileReference; fileEncoding = 4; lastKnownFileType = sourcecode.c.h; path = Tree.h; sourceTree = "<group>"; };
		793CFF1E1E5E2CF200AB1B78 /* Tree.m */ = {isa = PBXFileReference; fileEncoding = 4; lastKnownFileType = sourcecode.c.objc; path = Tree.m; sourceTree = "<group>"; };
		793CFF211E5E36E400AB1B78 /* RunLengthEncoding.h */ = {isa = PBXFileReference; fileEncoding = 4; lastKnownFileType = sourcecode.c.h; path = RunLengthEncoding.h; sourceTree = "<group>"; };
		793CFF221E5E36E400AB1B78 /* RunLengthEncoding.m */ = {isa = PBXFileReference; fileEncoding = 4; lastKnownFileType = sourcecode.c.objc; path = RunLengthEncoding.m; sourceTree = "<group>"; };
		799F30C71E5F63710010365B /* VerifyPreorderBST.h */ = {isa = PBXFileReference; fileEncoding = 4; lastKnownFileType = sourcecode.c.h; path = VerifyPreorderBST.h; sourceTree = "<group>"; };
		799F30C81E5F63710010365B /* VerifyPreorderBST.m */ = {isa = PBXFileReference; fileEncoding = 4; lastKnownFileType = sourcecode.c.objc; path = VerifyPreorderBST.m; sourceTree = "<group>"; };
		799F30CB1E5F7BB40010365B /* KCloestPoints.h */ = {isa = PBXFileReference; fileEncoding = 4; lastKnownFileType = sourcecode.c.h; path = KCloestPoints.h; sourceTree = "<group>"; };
		799F30CC1E5F7BB40010365B /* KCloestPoints.m */ = {isa = PBXFileReference; fileEncoding = 4; lastKnownFileType = sourcecode.c.objc; path = KCloestPoints.m; sourceTree = "<group>"; };
		799F30CF1E5F8C010010365B /* BinaryTreeToDLL.h */ = {isa = PBXFileReference; fileEncoding = 4; lastKnownFileType = sourcecode.c.h; path = BinaryTreeToDLL.h; sourceTree = "<group>"; };
		799F30D01E5F8C010010365B /* BinaryTreeToDLL.m */ = {isa = PBXFileReference; fileEncoding = 4; lastKnownFileType = sourcecode.c.objc; path = BinaryTreeToDLL.m; sourceTree = "<group>"; };
		799F30D31E5FA2620010365B /* LowestCommonAncestor.h */ = {isa = PBXFileReference; fileEncoding = 4; lastKnownFileType = sourcecode.c.h; path = LowestCommonAncestor.h; sourceTree = "<group>"; };
		799F30D41E5FA2620010365B /* LowestCommonAncestor.m */ = {isa = PBXFileReference; fileEncoding = 4; lastKnownFileType = sourcecode.c.objc; path = LowestCommonAncestor.m; sourceTree = "<group>"; };
		79BD49971E61896B00405D6A /* SortColors.h */ = {isa = PBXFileReference; fileEncoding = 4; lastKnownFileType = sourcecode.c.h; path = SortColors.h; sourceTree = "<group>"; };
		79BD49981E61896B00405D6A /* SortColors.m */ = {isa = PBXFileReference; fileEncoding = 4; lastKnownFileType = sourcecode.c.objc; path = SortColors.m; sourceTree = "<group>"; };
		79BD499B1E61E4FA00405D6A /* RemoveInvalidParentheses.h */ = {isa = PBXFileReference; fileEncoding = 4; lastKnownFileType = sourcecode.c.h; path = RemoveInvalidParentheses.h; sourceTree = "<group>"; };
		79BD499C1E61E4FA00405D6A /* RemoveInvalidParentheses.m */ = {isa = PBXFileReference; fileEncoding = 4; lastKnownFileType = sourcecode.c.objc; path = RemoveInvalidParentheses.m; sourceTree = "<group>"; };
		79BD499F1E62132600405D6A /* NumberIsland.h */ = {isa = PBXFileReference; fileEncoding = 4; lastKnownFileType = sourcecode.c.h; path = NumberIsland.h; sourceTree = "<group>"; };
		79BD49A01E62132600405D6A /* NumberIsland.m */ = {isa = PBXFileReference; fileEncoding = 4; lastKnownFileType = sourcecode.c.objc; path = NumberIsland.m; sourceTree = "<group>"; };
		79BD49A31E62539900405D6A /* FindMinimumInRotatedSortedArray.h */ = {isa = PBXFileReference; fileEncoding = 4; lastKnownFileType = sourcecode.c.h; path = FindMinimumInRotatedSortedArray.h; sourceTree = "<group>"; };
		79BD49A41E62539900405D6A /* FindMinimumInRotatedSortedArray.m */ = {isa = PBXFileReference; fileEncoding = 4; lastKnownFileType = sourcecode.c.objc; path = FindMinimumInRotatedSortedArray.m; sourceTree = "<group>"; };
/* End PBXFileReference section */

/* Begin PBXFrameworksBuildPhase section */
		793CFEFE1E5DEF2400AB1B78 /* Frameworks */ = {
			isa = PBXFrameworksBuildPhase;
			buildActionMask = 2147483647;
			files = (
			);
			runOnlyForDeploymentPostprocessing = 0;
		};
/* End PBXFrameworksBuildPhase section */

/* Begin PBXGroup section */
		791C30D91E62E8CA00E90ED7 /* PaintHouses */ = {
			isa = PBXGroup;
			children = (
				791C30DA1E62E93200E90ED7 /* PaintHouses.h */,
				791C30DB1E62E93200E90ED7 /* PaintHouses.m */,
			);
			name = PaintHouses;
			sourceTree = "<group>";
		};
		791C30DD1E63116000E90ED7 /* ConvertSortedListToBST */ = {
			isa = PBXGroup;
			children = (
				791C30DE1E63118D00E90ED7 /* ConvertSortedListToBST.h */,
				791C30DF1E63118D00E90ED7 /* ConvertSortedListToBST.m */,
			);
			name = ConvertSortedListToBST;
			sourceTree = "<group>";
		};
		791C30E41E6319D600E90ED7 /* CoinChange */ = {
			isa = PBXGroup;
			children = (
				791C30E51E6319E700E90ED7 /* CoinChange.h */,
				791C30E61E6319E700E90ED7 /* CoinChange.m */,
			);
			name = CoinChange;
			sourceTree = "<group>";
		};
		791C30E81E63594500E90ED7 /* DivideTwoIntegers */ = {
			isa = PBXGroup;
			children = (
				791C30E91E63595D00E90ED7 /* DivideTwoIntegers.h */,
				791C30EA1E63595D00E90ED7 /* DivideTwoIntegers.m */,
			);
			name = DivideTwoIntegers;
			sourceTree = "<group>";
		};
		791C30EC1E635FB500E90ED7 /* MoveZeros */ = {
			isa = PBXGroup;
			children = (
				791C30ED1E635FCB00E90ED7 /* MoveZeros.h */,
				791C30EE1E635FCB00E90ED7 /* MoveZeros.m */,
			);
			name = MoveZeros;
			sourceTree = "<group>";
		};
		791C30F01E63834900E90ED7 /* AddAndSearchWord */ = {
			isa = PBXGroup;
			children = (
				791C30FB1E63856F00E90ED7 /* AddAndSearchWord.h */,
				791C30FC1E63856F00E90ED7 /* AddAndSearchWord.m */,
			);
			name = AddAndSearchWord;
			sourceTree = "<group>";
		};
		791C30F21E63836600E90ED7 /* Tree */ = {
			isa = PBXGroup;
			children = (
				793CFF1D1E5E2CF200AB1B78 /* Tree.h */,
				793CFF1E1E5E2CF200AB1B78 /* Tree.m */,
			);
			name = Tree;
			sourceTree = "<group>";
		};
		791C30F31E63836F00E90ED7 /* List */ = {
			isa = PBXGroup;
			children = (
				791C30E11E6311B100E90ED7 /* ListNode.h */,
				791C30E21E6311B100E90ED7 /* ListNode.m */,
			);
			name = List;
			sourceTree = "<group>";
		};
		791C30F41E63837A00E90ED7 /* Trie */ = {
			isa = PBXGroup;
			children = (
				791C30F51E63839200E90ED7 /* Trie.h */,
				791C30F61E63839200E90ED7 /* Trie.m */,
				791C30F81E6383BA00E90ED7 /* TrieNode.h */,
				791C30F91E6383BA00E90ED7 /* TrieNode.m */,
			);
			name = Trie;
			sourceTree = "<group>";
		};
		792B24A41E641FB60084EFBD /* ThreeSum */ = {
			isa = PBXGroup;
			children = (
				792B24A81E641FEE0084EFBD /* ThreeSum.h */,
				792B24A91E641FEE0084EFBD /* ThreeSum.m */,
			);
			name = ThreeSum;
			sourceTree = "<group>";
		};
		792B24AB1E6435460084EFBD /* FourSum */ = {
			isa = PBXGroup;
			children = (
				792B24AC1E6435580084EFBD /* FourSum.h */,
				792B24AD1E6435580084EFBD /* FourSum.m */,
			);
			name = FourSum;
			sourceTree = "<group>";
		};
		792B24AF1E6480750084EFBD /* PrettyJSONString */ = {
			isa = PBXGroup;
			children = (
				792B24B01E64808E0084EFBD /* PrettyJSONString.h */,
				792B24B11E64808E0084EFBD /* PrettyJSONString.m */,
			);
			name = PrettyJSONString;
			sourceTree = "<group>";
		};
		792B24B31E64A6270084EFBD /* FlattenNestedListIterator */ = {
			isa = PBXGroup;
			children = (
				792B24B41E64A6540084EFBD /* FlattenNestedListIterator.h */,
				792B24B51E64A6540084EFBD /* FlattenNestedListIterator.m */,
			);
			name = FlattenNestedListIterator;
			sourceTree = "<group>";
		};
		792B24B71E64B2A10084EFBD /* BinaryTreeLevelOrderTraversal */ = {
			isa = PBXGroup;
			children = (
				792B24B81E64B2C40084EFBD /* BinaryTreeLevelOrderTraversal.h */,
				792B24B91E64B2C40084EFBD /* BinaryTreeLevelOrderTraversal.m */,
			);
			name = BinaryTreeLevelOrderTraversal;
			sourceTree = "<group>";
		};
		792B24BB1E64C2C30084EFBD /* MergeSortedArrays */ = {
			isa = PBXGroup;
			children = (
				792B24BC1E64C2E40084EFBD /* MergeSortedArrays.h */,
				792B24BD1E64C2E40084EFBD /* MergeSortedArrays.m */,
			);
			name = MergeSortedArrays;
			sourceTree = "<group>";
		};
		792B24BF1E64E2100084EFBD /* BalanceParentheses */ = {
			isa = PBXGroup;
			children = (
				792B24C01E64E2270084EFBD /* BalanceParentheses.h */,
				792B24C11E64E2270084EFBD /* BalanceParentheses.m */,
			);
			name = BalanceParentheses;
			sourceTree = "<group>";
		};
		792B24C31E658A2B0084EFBD /* DecodeWays */ = {
			isa = PBXGroup;
			children = (
				792B24C41E658A490084EFBD /* DecodeWays.h */,
				792B24C51E658A490084EFBD /* DecodeWays.m */,
			);
			name = DecodeWays;
			sourceTree = "<group>";
		};
		792B24C71E658B840084EFBD /* LongestConsecutive */ = {
			isa = PBXGroup;
			children = (
				792B24C91E658C2A0084EFBD /* LongestConsecutive.h */,
				792B24CA1E658C2A0084EFBD /* LongestConsecutive.m */,
			);
			name = LongestConsecutive;
			sourceTree = "<group>";
		};
		792B24CC1E65B9310084EFBD /* BSTFromPreorder */ = {
			isa = PBXGroup;
			children = (
				792B24CD1E65B9480084EFBD /* BSTFromPreorder.h */,
				792B24CE1E65B9480084EFBD /* BSTFromPreorder.m */,
			);
			name = BSTFromPreorder;
			sourceTree = "<group>";
		};
		792B24D01E65C8E00084EFBD /* SubarraySumToK */ = {
			isa = PBXGroup;
			children = (
				792B24D11E65C9000084EFBD /* SubarraySumToK.h */,
				792B24D21E65C9000084EFBD /* SubarraySumToK.m */,
			);
			name = SubarraySumToK;
			sourceTree = "<group>";
		};
		792B24D41E65DB000084EFBD /* MaximumSubarraySizeSumToK */ = {
			isa = PBXGroup;
			children = (
				792B24D51E65DB270084EFBD /* MaximumSubarraySizeSumToK.h */,
				792B24D61E65DB270084EFBD /* MaximumSubarraySizeSumToK.m */,
			);
			name = MaximumSubarraySizeSumToK;
			sourceTree = "<group>";
		};
		792B24D81E65FCC50084EFBD /* SubmatrixSumToK */ = {
			isa = PBXGroup;
			children = (
				792B24D91E65FCF90084EFBD /* SubmatrixSumToK.h */,
				792B24DA1E65FCF90084EFBD /* SubmatrixSumToK.m */,
			);
			name = SubmatrixSumToK;
			sourceTree = "<group>";
		};
		792B24DC1E6611870084EFBD /* StrStr */ = {
			isa = PBXGroup;
			children = (
				792B24DD1E6611980084EFBD /* StrStr.h */,
				792B24DE1E6611980084EFBD /* StrStr.m */,
			);
			name = StrStr;
			sourceTree = "<group>";
		};
		792B24E01E6619190084EFBD /* MinimumDepth */ = {
			isa = PBXGroup;
			children = (
				792B24E11E6619360084EFBD /* MinimumDepth.h */,
				792B24E21E6619360084EFBD /* MinimumDepth.m */,
			);
			name = MinimumDepth;
			sourceTree = "<group>";
		};
		792B24E41E661EA20084EFBD /* Read4 */ = {
			isa = PBXGroup;
			children = (
				792B24E51E661EB60084EFBD /* Read4.h */,
				792B24E61E661EB60084EFBD /* Read4.m */,
			);
			name = Read4;
			sourceTree = "<group>";
		};
		792B24E81E6627680084EFBD /* BestTimeBuySellStock */ = {
			isa = PBXGroup;
			children = (
				792B24E91E66277D0084EFBD /* BestTimeBuySellStock.h */,
				792B24EA1E66277D0084EFBD /* BestTimeBuySellStock.m */,
			);
			name = BestTimeBuySellStock;
			sourceTree = "<group>";
		};
		792B24EC1E6635390084EFBD /* BinaryTreePaths */ = {
			isa = PBXGroup;
			children = (
				792B24ED1E66354F0084EFBD /* BinaryTreePaths.h */,
				792B24EE1E66354F0084EFBD /* BinaryTreePaths.m */,
			);
			name = BinaryTreePaths;
			sourceTree = "<group>";
		};
		792B24F01E66D7E00084EFBD /* ContainsDuplicate */ = {
			isa = PBXGroup;
			children = (
				792B24F11E66D8090084EFBD /* ContainsDuplicate.h */,
				792B24F21E66D8090084EFBD /* ContainsDuplicate.m */,
			);
			name = ContainsDuplicate;
			sourceTree = "<group>";
		};
		792B24F41E66FFAF0084EFBD /* FindAllAnagrams */ = {
			isa = PBXGroup;
			children = (
				792B24F51E66FFD50084EFBD /* FindAllAnagrams.h */,
				792B24F61E66FFD50084EFBD /* FindAllAnagrams.m */,
			);
			name = FindAllAnagrams;
			sourceTree = "<group>";
		};
		792B24F81E6705040084EFBD /* FirstBadVersion */ = {
			isa = PBXGroup;
			children = (
				792B24F91E6705250084EFBD /* FirstBadVersion.h */,
				792B24FA1E6705250084EFBD /* FirstBadVersion.m */,
			);
			name = FirstBadVersion;
			sourceTree = "<group>";
		};
		792B24FC1E67135E0084EFBD /* ValidatePalindrome */ = {
			isa = PBXGroup;
			children = (
				792B24FD1E6713760084EFBD /* ValidatePalindrome.h */,
				792B24FE1E6713760084EFBD /* ValidatePalindrome.m */,
			);
			name = ValidatePalindrome;
			sourceTree = "<group>";
		};
		792B25001E67589C0084EFBD /* LongestArithmeticSequence */ = {
			isa = PBXGroup;
			children = (
				792B25011E6758BF0084EFBD /* LongestArithmeticSequence.h */,
				792B25021E6758BF0084EFBD /* LongestArithmeticSequence.m */,
			);
			name = LongestArithmeticSequence;
			sourceTree = "<group>";
		};
		792B25041E6762500084EFBD /* BinaryTreeLongestConsecutiveSequence */ = {
			isa = PBXGroup;
			children = (
				792B25051E6762880084EFBD /* BinaryTreeLongestConsecutiveSequence.h */,
				792B25061E6762880084EFBD /* BinaryTreeLongestConsecutiveSequence.m */,
			);
			name = BinaryTreeLongestConsecutiveSequence;
			sourceTree = "<group>";
		};
		792B25081E678BE30084EFBD /* WordSearch */ = {
			isa = PBXGroup;
			children = (
				792B25091E678C0A0084EFBD /* WordSearch.h */,
				792B250A1E678C0A0084EFBD /* WordSearch.m */,
			);
			name = WordSearch;
			sourceTree = "<group>";
		};
		792B250C1E6824550084EFBD /* CombinationSum */ = {
			isa = PBXGroup;
			children = (
				792B250D1E6824750084EFBD /* CombinationSum.h */,
				792B250E1E6824750084EFBD /* CombinationSum.m */,
			);
			name = CombinationSum;
			sourceTree = "<group>";
		};
		792B25101E6836890084EFBD /* BinaryTreeInorderTraversal */ = {
			isa = PBXGroup;
			children = (
				792B25111E6836A70084EFBD /* BinaryTreeInorderTraversal.h */,
				792B25121E6836A70084EFBD /* BinaryTreeInorderTraversal.m */,
			);
			name = BinaryTreeInorderTraversal;
			sourceTree = "<group>";
		};
		792B25141E684AC30084EFBD /* BinarySearchTreeIterator */ = {
			isa = PBXGroup;
			children = (
				792B25151E684AE20084EFBD /* BinarySearchTreeIterator.h */,
				792B25161E684AE20084EFBD /* BinarySearchTreeIterator.m */,
			);
			name = BinarySearchTreeIterator;
			sourceTree = "<group>";
		};
		792B25181E6872BE0084EFBD /* RegularExpressionMatching */ = {
			isa = PBXGroup;
			children = (
				792B25191E68731C0084EFBD /* RegularExpressionMatching.h */,
				792B251A1E68731C0084EFBD /* RegularExpressionMatching.m */,
			);
			name = RegularExpressionMatching;
			sourceTree = "<group>";
		};
		792B251C1E6898280084EFBD /* SummaryRanges */ = {
			isa = PBXGroup;
			children = (
				792B251D1E689E0D0084EFBD /* SummaryRanges.h */,
				792B251E1E689E0D0084EFBD /* SummaryRanges.m */,
			);
			name = SummaryRanges;
			sourceTree = "<group>";
		};
		792B25201E68BCE40084EFBD /* TaskScheduler */ = {
			isa = PBXGroup;
			children = (
				792B25211E68BCFC0084EFBD /* TaskScheduler.h */,
				792B25221E68BCFC0084EFBD /* TaskScheduler.m */,
			);
			name = TaskScheduler;
			sourceTree = "<group>";
		};
		792B25241E68C9580084EFBD /* ReverseLinkedList */ = {
			isa = PBXGroup;
			children = (
				792B25251E68C9790084EFBD /* ReverseLinkedList.h */,
				792B25261E68C9790084EFBD /* ReverseLinkedList.m */,
			);
			name = ReverseLinkedList;
			sourceTree = "<group>";
		};
		792B25281E68E3E90084EFBD /* ValidateBST */ = {
			isa = PBXGroup;
			children = (
				792B252C1E68E4140084EFBD /* ValidateBST.h */,
				792B252D1E68E4140084EFBD /* ValidateBST.m */,
			);
			name = ValidateBST;
			sourceTree = "<group>";
		};
		792B252F1E69841C0084EFBD /* MergeKLists */ = {
			isa = PBXGroup;
			children = (
				792B25301E6984BD0084EFBD /* MergeKLists.h */,
				792B25311E6984BD0084EFBD /* MergeKLists.m */,
			);
			name = MergeKLists;
			sourceTree = "<group>";
		};
		792B25331E6994470084EFBD /* MergeIntervals */ = {
			isa = PBXGroup;
			children = (
				792B25341E69945D0084EFBD /* MergeIntervals.h */,
				792B25351E69945D0084EFBD /* MergeIntervals.m */,
			);
			name = MergeIntervals;
			sourceTree = "<group>";
		};
		792B25371E6994A80084EFBD /* Interval */ = {
			isa = PBXGroup;
			children = (
				792B25381E6994B50084EFBD /* Interval.h */,
				792B25391E6994B50084EFBD /* Interval.m */,
			);
			name = Interval;
			sourceTree = "<group>";
		};
		792B253B1E69AB860084EFBD /* SearchRotatedSortedArray */ = {
			isa = PBXGroup;
			children = (
				792B253C1E69ABA40084EFBD /* SearchRotatedSortedArray.h */,
				792B253D1E69ABA40084EFBD /* SearchRotatedSortedArray.m */,
			);
			name = SearchRotatedSortedArray;
			sourceTree = "<group>";
		};
		792B253F1E69E4350084EFBD /* BinaryTreeVerticalOrderTraversal */ = {
			isa = PBXGroup;
			children = (
				792B25401E69E4520084EFBD /* BinaryTreeVerticalOrderTraversal.h */,
				792B25411E69E4520084EFBD /* BinaryTreeVerticalOrderTraversal.m */,
			);
			name = BinaryTreeVerticalOrderTraversal;
			sourceTree = "<group>";
		};
		792B25431E6A55580084EFBD /* ExpressionAddOperators */ = {
			isa = PBXGroup;
			children = (
				792B25441E6A55720084EFBD /* ExpressionAddOperatiors.h */,
				792B25451E6A55720084EFBD /* ExpressionAddOperatiors.m */,
			);
			name = ExpressionAddOperators;
			sourceTree = "<group>";
		};
		792B25471E6A59DE0084EFBD /* MostFrequentlyOccuringCharacters */ = {
			isa = PBXGroup;
			children = (
				792B25481E6A5A140084EFBD /* MostFrequentlyOccuringCharacters.h */,
				792B25491E6A5A140084EFBD /* MostFrequentlyOccuringCharacters.m */,
			);
			name = MostFrequentlyOccuringCharacters;
			sourceTree = "<group>";
		};
		792B254B1E6A5F060084EFBD /* WordBreak */ = {
			isa = PBXGroup;
			children = (
				792B254C1E6A5F270084EFBD /* WordBreak.h */,
				792B254D1E6A5F270084EFBD /* WordBreak.m */,
			);
			name = WordBreak;
			sourceTree = "<group>";
		};
		792B254F1E6AD6AC0084EFBD /* IntersectionOfTwoArrays */ = {
			isa = PBXGroup;
			children = (
				792B25501E6AD6D80084EFBD /* IntersectionOfTwoArrays.h */,
				792B25511E6AD6D80084EFBD /* IntersectionOfTwoArrays.m */,
			);
			name = IntersectionOfTwoArrays;
			sourceTree = "<group>";
		};
		792B25531E6AE7BC0084EFBD /* PopulatingNextRightsPointer */ = {
			isa = PBXGroup;
			children = (
				792B25541E6AE8950084EFBD /* PopulatingNextRightsPointer.h */,
				792B25551E6AE8950084EFBD /* PopulatingNextRightsPointer.m */,
			);
			name = PopulatingNextRightsPointer;
			sourceTree = "<group>";
		};
		792B25571E6AE8A50084EFBD /* TreeLinkNode */ = {
			isa = PBXGroup;
			children = (
				792B25581E6AE8B50084EFBD /* TreeLinkNode.h */,
				792B25591E6AE8B50084EFBD /* TreeLinkNode.m */,
			);
			name = TreeLinkNode;
			sourceTree = "<group>";
		};
		792B255B1E6B2DEB0084EFBD /* SortedSquaresOfSortedNumbers */ = {
			isa = PBXGroup;
			children = (
				792B255C1E6B2E1A0084EFBD /* SortedSquaresOfSortedNumbers.h */,
				792B255D1E6B2E1A0084EFBD /* SortedSquaresOfSortedNumbers.m */,
			);
			name = SortedSquaresOfSortedNumbers;
			sourceTree = "<group>";
		};
		792B255F1E6B57F00084EFBD /* LongestPalindromicSubstring */ = {
			isa = PBXGroup;
			children = (
				792B25601E6B58650084EFBD /* LongestPalindromicSubstring.h */,
				792B25611E6B58650084EFBD /* LongestPalindromicSubstring.m */,
			);
			name = LongestPalindromicSubstring;
			sourceTree = "<group>";
		};
		792B25631E6B60EA0084EFBD /* LetterCombinationsOfPhoneNumber */ = {
			isa = PBXGroup;
			children = (
				792B25641E6B61140084EFBD /* LetterCombinationsOfPhoneNumber.h */,
				792B25651E6B61140084EFBD /* LetterCombinationsOfPhoneNumber.m */,
			);
			name = LetterCombinationsOfPhoneNumber;
			sourceTree = "<group>";
		};
		792B25671E6B66FA0084EFBD /* GenerateParentheses */ = {
			isa = PBXGroup;
			children = (
				792B25681E6B67660084EFBD /* GenerateParentheses.h */,
				792B25691E6B67660084EFBD /* GenerateParentheses.m */,
			);
			name = GenerateParentheses;
			sourceTree = "<group>";
		};
		793CFEF81E5DEF2400AB1B78 = {
			isa = PBXGroup;
			children = (
				793CFF031E5DEF2500AB1B78 /* PhoneScreenPractice */,
				793CFF021E5DEF2500AB1B78 /* Products */,
			);
			sourceTree = "<group>";
		};
		793CFF021E5DEF2500AB1B78 /* Products */ = {
			isa = PBXGroup;
			children = (
				793CFF011E5DEF2500AB1B78 /* PhoneScreenPractice */,
			);
			name = Products;
			sourceTree = "<group>";
		};
		793CFF031E5DEF2500AB1B78 /* PhoneScreenPractice */ = {
			isa = PBXGroup;
			children = (
				791C30F01E63834900E90ED7 /* AddAndSearchWord */,
				793CFF181E5E2C9F00AB1B78 /* AllPathsOfTree */,
				792B24BF1E64E2100084EFBD /* BalanceParentheses */,
				792B24E81E6627680084EFBD /* BestTimeBuySellStock */,
				792B25141E684AC30084EFBD /* BinarySearchTreeIterator */,
				792B25101E6836890084EFBD /* BinaryTreeInorderTraversal */,
				792B24EC1E6635390084EFBD /* BinaryTreePaths */,
				799F30CE1E5F8BEE0010365B /* BinaryTreeToDLL */,
				793CFF141E5E22C100AB1B78 /* BinaryTreeLayerAverage */,
				792B24B71E64B2A10084EFBD /* BinaryTreeLevelOrderTraversal */,
				792B25041E6762500084EFBD /* BinaryTreeLongestConsecutiveSequence */,
				792B253F1E69E4350084EFBD /* BinaryTreeVerticalOrderTraversal */,
				792B24CC1E65B9310084EFBD /* BSTFromPreorder */,
				791C30E41E6319D600E90ED7 /* CoinChange */,
				792B250C1E6824550084EFBD /* CombinationSum */,
				792B24F01E66D7E00084EFBD /* ContainsDuplicate */,
				791C30DD1E63116000E90ED7 /* ConvertSortedListToBST */,
				793CFF1C1E5E2CDB00AB1B78 /* DataStructures */,
				792B24C31E658A2B0084EFBD /* DecodeWays */,
				791C30E81E63594500E90ED7 /* DivideTwoIntegers */,
				792B25431E6A55580084EFBD /* ExpressionAddOperators */,
				792B24F41E66FFAF0084EFBD /* FindAllAnagrams */,
				79BD49A21E62536E00405D6A /* FindMinimumInRotatedSortedArray */,
				792B24F81E6705040084EFBD /* FirstBadVersion */,
				792B24B31E64A6270084EFBD /* FlattenNestedListIterator */,
				792B24AB1E6435460084EFBD /* FourSum */,
				792B25671E6B66FA0084EFBD /* GenerateParentheses */,
				793CFF0C1E5DFFF200AB1B78 /* GitVersionControl */,
				792B254F1E6AD6AC0084EFBD /* IntersectionOfTwoArrays */,
				799F30CA1E5F7B9B0010365B /* KCloestPoints */,
				792B25631E6B60EA0084EFBD /* LetterCombinationsOfPhoneNumber */,
				792B25001E67589C0084EFBD /* LongestArithmeticSequence */,
				792B24C71E658B840084EFBD /* LongestConsecutive */,
				799F30D21E5FA2440010365B /* LowestCommonAncestor */,
				792B255F1E6B57F00084EFBD /* LongestPalindromicSubstring */,
				793CFF101E5E13D200AB1B78 /* MaximumNumber */,
				792B24D41E65DB000084EFBD /* MaximumSubarraySizeSumToK */,
				792B25331E6994470084EFBD /* MergeIntervals */,
				792B252F1E69841C0084EFBD /* MergeKLists */,
				792B24BB1E64C2C30084EFBD /* MergeSortedArrays */,
				792B24E01E6619190084EFBD /* MinimumDepth */,
				792B25471E6A59DE0084EFBD /* MostFrequentlyOccuringCharacters */,
				791C30EC1E635FB500E90ED7 /* MoveZeros */,
				79BD499E1E62131400405D6A /* NumberIsland */,
				791C30D91E62E8CA00E90ED7 /* PaintHouses */,
				792B25531E6AE7BC0084EFBD /* PopulatingNextRightsPointer */,
				792B24AF1E6480750084EFBD /* PrettyJSONString */,
				792B24E41E661EA20084EFBD /* Read4 */,
				792B25181E6872BE0084EFBD /* RegularExpressionMatching */,
				79BD499A1E61E4D300405D6A /* RemoveInvalidParentheses */,
				792B25241E68C9580084EFBD /* ReverseLinkedList */,
				793CFF201E5E36C000AB1B78 /* RunLengthEncoding */,
				792B253B1E69AB860084EFBD /* SearchRotatedSortedArray */,
				79BD49961E61895B00405D6A /* SortColors */,
				792B255B1E6B2DEB0084EFBD /* SortedSquaresOfSortedNumbers */,
				792B24DC1E6611870084EFBD /* StrStr */,
				792B24D01E65C8E00084EFBD /* SubarraySumToK */,
				792B24D81E65FCC50084EFBD /* SubmatrixSumToK */,
				792B251C1E6898280084EFBD /* SummaryRanges */,
				792B25201E68BCE40084EFBD /* TaskScheduler */,
				792B24A41E641FB60084EFBD /* ThreeSum */,
				792B24FC1E67135E0084EFBD /* ValidatePalindrome */,
				792B25281E68E3E90084EFBD /* ValidateBST */,
				799F30C61E5F63570010365B /* VerifyPreorderBST */,
				792B254B1E6A5F060084EFBD /* WordBreak */,
				792B25081E678BE30084EFBD /* WordSearch */,
				793CFF041E5DEF2500AB1B78 /* main.m */,
			);
			path = PhoneScreenPractice;
			sourceTree = "<group>";
		};
		793CFF0C1E5DFFF200AB1B78 /* GitVersionControl */ = {
			isa = PBXGroup;
			children = (
				793CFF0D1E5E00E300AB1B78 /* GitVersionControl.h */,
				793CFF0E1E5E00E300AB1B78 /* GitVersionControl.m */,
			);
			name = GitVersionControl;
			sourceTree = "<group>";
		};
		793CFF101E5E13D200AB1B78 /* MaximumNumber */ = {
			isa = PBXGroup;
			children = (
				793CFF111E5E13EB00AB1B78 /* MaximumNumber.h */,
				793CFF121E5E13EB00AB1B78 /* MaximumNumber.m */,
			);
			name = MaximumNumber;
			sourceTree = "<group>";
		};
		793CFF141E5E22C100AB1B78 /* BinaryTreeLayerAverage */ = {
			isa = PBXGroup;
			children = (
				793CFF151E5E22DD00AB1B78 /* BinaryTreeLayerAverage.h */,
				793CFF161E5E22DD00AB1B78 /* BinaryTreeLayerAverage.m */,
			);
			name = BinaryTreeLayerAverage;
			sourceTree = "<group>";
		};
		793CFF181E5E2C9F00AB1B78 /* AllPathsOfTree */ = {
			isa = PBXGroup;
			children = (
				793CFF191E5E2CB100AB1B78 /* AllPathsOfTree.h */,
				793CFF1A1E5E2CB100AB1B78 /* AllPathsOfTree.m */,
			);
			name = AllPathsOfTree;
			sourceTree = "<group>";
		};
		793CFF1C1E5E2CDB00AB1B78 /* DataStructures */ = {
			isa = PBXGroup;
			children = (
				792B25371E6994A80084EFBD /* Interval */,
				791C30F41E63837A00E90ED7 /* Trie */,
				791C30F31E63836F00E90ED7 /* List */,
				791C30F21E63836600E90ED7 /* Tree */,
				792B25571E6AE8A50084EFBD /* TreeLinkNode */,
			);
			name = DataStructures;
			sourceTree = "<group>";
		};
		793CFF201E5E36C000AB1B78 /* RunLengthEncoding */ = {
			isa = PBXGroup;
			children = (
				793CFF211E5E36E400AB1B78 /* RunLengthEncoding.h */,
				793CFF221E5E36E400AB1B78 /* RunLengthEncoding.m */,
			);
			name = RunLengthEncoding;
			sourceTree = "<group>";
		};
		799F30C61E5F63570010365B /* VerifyPreorderBST */ = {
			isa = PBXGroup;
			children = (
				799F30C71E5F63710010365B /* VerifyPreorderBST.h */,
				799F30C81E5F63710010365B /* VerifyPreorderBST.m */,
			);
			name = VerifyPreorderBST;
			sourceTree = "<group>";
		};
		799F30CA1E5F7B9B0010365B /* KCloestPoints */ = {
			isa = PBXGroup;
			children = (
				799F30CB1E5F7BB40010365B /* KCloestPoints.h */,
				799F30CC1E5F7BB40010365B /* KCloestPoints.m */,
			);
			name = KCloestPoints;
			sourceTree = "<group>";
		};
		799F30CE1E5F8BEE0010365B /* BinaryTreeToDLL */ = {
			isa = PBXGroup;
			children = (
				799F30CF1E5F8C010010365B /* BinaryTreeToDLL.h */,
				799F30D01E5F8C010010365B /* BinaryTreeToDLL.m */,
			);
			name = BinaryTreeToDLL;
			sourceTree = "<group>";
		};
		799F30D21E5FA2440010365B /* LowestCommonAncestor */ = {
			isa = PBXGroup;
			children = (
				799F30D31E5FA2620010365B /* LowestCommonAncestor.h */,
				799F30D41E5FA2620010365B /* LowestCommonAncestor.m */,
			);
			name = LowestCommonAncestor;
			sourceTree = "<group>";
		};
		79BD49961E61895B00405D6A /* SortColors */ = {
			isa = PBXGroup;
			children = (
				79BD49971E61896B00405D6A /* SortColors.h */,
				79BD49981E61896B00405D6A /* SortColors.m */,
			);
			name = SortColors;
			sourceTree = "<group>";
		};
		79BD499A1E61E4D300405D6A /* RemoveInvalidParentheses */ = {
			isa = PBXGroup;
			children = (
				79BD499B1E61E4FA00405D6A /* RemoveInvalidParentheses.h */,
				79BD499C1E61E4FA00405D6A /* RemoveInvalidParentheses.m */,
			);
			name = RemoveInvalidParentheses;
			sourceTree = "<group>";
		};
		79BD499E1E62131400405D6A /* NumberIsland */ = {
			isa = PBXGroup;
			children = (
				79BD499F1E62132600405D6A /* NumberIsland.h */,
				79BD49A01E62132600405D6A /* NumberIsland.m */,
			);
			name = NumberIsland;
			sourceTree = "<group>";
		};
		79BD49A21E62536E00405D6A /* FindMinimumInRotatedSortedArray */ = {
			isa = PBXGroup;
			children = (
				79BD49A31E62539900405D6A /* FindMinimumInRotatedSortedArray.h */,
				79BD49A41E62539900405D6A /* FindMinimumInRotatedSortedArray.m */,
			);
			name = FindMinimumInRotatedSortedArray;
			sourceTree = "<group>";
		};
/* End PBXGroup section */

/* Begin PBXNativeTarget section */
		793CFF001E5DEF2400AB1B78 /* PhoneScreenPractice */ = {
			isa = PBXNativeTarget;
			buildConfigurationList = 793CFF081E5DEF2500AB1B78 /* Build configuration list for PBXNativeTarget "PhoneScreenPractice" */;
			buildPhases = (
				793CFEFD1E5DEF2400AB1B78 /* Sources */,
				793CFEFE1E5DEF2400AB1B78 /* Frameworks */,
				793CFEFF1E5DEF2400AB1B78 /* CopyFiles */,
			);
			buildRules = (
			);
			dependencies = (
			);
			name = PhoneScreenPractice;
			productName = PhoneScreenPractice;
			productReference = 793CFF011E5DEF2500AB1B78 /* PhoneScreenPractice */;
			productType = "com.apple.product-type.tool";
		};
/* End PBXNativeTarget section */

/* Begin PBXProject section */
		793CFEF91E5DEF2400AB1B78 /* Project object */ = {
			isa = PBXProject;
			attributes = {
				LastUpgradeCheck = 0820;
				ORGANIZATIONNAME = "Bin Yu";
				TargetAttributes = {
					793CFF001E5DEF2400AB1B78 = {
						CreatedOnToolsVersion = 8.2.1;
						DevelopmentTeam = 8BMD2QL62M;
						ProvisioningStyle = Automatic;
					};
				};
			};
			buildConfigurationList = 793CFEFC1E5DEF2400AB1B78 /* Build configuration list for PBXProject "PhoneScreenPractice" */;
			compatibilityVersion = "Xcode 3.2";
			developmentRegion = English;
			hasScannedForEncodings = 0;
			knownRegions = (
				en,
			);
			mainGroup = 793CFEF81E5DEF2400AB1B78;
			productRefGroup = 793CFF021E5DEF2500AB1B78 /* Products */;
			projectDirPath = "";
			projectRoot = "";
			targets = (
				793CFF001E5DEF2400AB1B78 /* PhoneScreenPractice */,
			);
		};
/* End PBXProject section */

/* Begin PBXSourcesBuildPhase section */
		793CFEFD1E5DEF2400AB1B78 /* Sources */ = {
			isa = PBXSourcesBuildPhase;
			buildActionMask = 2147483647;
			files = (
				792B24BA1E64B2C40084EFBD /* BinaryTreeLevelOrderTraversal.m in Sources */,
				792B255E1E6B2E1A0084EFBD /* SortedSquaresOfSortedNumbers.m in Sources */,
				793CFF171E5E22DD00AB1B78 /* BinaryTreeLayerAverage.m in Sources */,
				792B253A1E6994B50084EFBD /* Interval.m in Sources */,
				792B24AE1E6435580084EFBD /* FourSum.m in Sources */,
				792B25071E6762880084EFBD /* BinaryTreeLongestConsecutiveSequence.m in Sources */,
				792B25131E6836A70084EFBD /* BinaryTreeInorderTraversal.m in Sources */,
				79BD49A51E62539900405D6A /* FindMinimumInRotatedSortedArray.m in Sources */,
				792B24FB1E6705250084EFBD /* FirstBadVersion.m in Sources */,
				792B25521E6AD6D80084EFBD /* IntersectionOfTwoArrays.m in Sources */,
				792B24F31E66D8090084EFBD /* ContainsDuplicate.m in Sources */,
				792B25321E6984BD0084EFBD /* MergeKLists.m in Sources */,
				792B25031E6758BF0084EFBD /* LongestArithmeticSequence.m in Sources */,
				799F30D51E5FA2620010365B /* LowestCommonAncestor.m in Sources */,
				792B252E1E68E4140084EFBD /* ValidateBST.m in Sources */,
				791C30EF1E635FCB00E90ED7 /* MoveZeros.m in Sources */,
				792B25661E6B61140084EFBD /* LetterCombinationsOfPhoneNumber.m in Sources */,
				791C30E71E6319E700E90ED7 /* CoinChange.m in Sources */,
				792B24F71E66FFD50084EFBD /* FindAllAnagrams.m in Sources */,
				79BD499D1E61E4FA00405D6A /* RemoveInvalidParentheses.m in Sources */,
				792B254E1E6A5F270084EFBD /* WordBreak.m in Sources */,
				793CFF131E5E13EB00AB1B78 /* MaximumNumber.m in Sources */,
				792B24EF1E66354F0084EFBD /* BinaryTreePaths.m in Sources */,
				791C30EB1E63595D00E90ED7 /* DivideTwoIntegers.m in Sources */,
				792B24FF1E6713760084EFBD /* ValidatePalindrome.m in Sources */,
				792B251B1E68731C0084EFBD /* RegularExpressionMatching.m in Sources */,
				793CFF051E5DEF2500AB1B78 /* main.m in Sources */,
				793CFF1F1E5E2CF200AB1B78 /* Tree.m in Sources */,
				79BD49991E61896B00405D6A /* SortColors.m in Sources */,
				792B24EB1E66277D0084EFBD /* BestTimeBuySellStock.m in Sources */,
				791C30FD1E63856F00E90ED7 /* AddAndSearchWord.m in Sources */,
				793CFF231E5E36E400AB1B78 /* RunLengthEncoding.m in Sources */,
				792B24C61E658A490084EFBD /* DecodeWays.m in Sources */,
				792B24AA1E641FEE0084EFBD /* ThreeSum.m in Sources */,
				799F30CD1E5F7BB40010365B /* KCloestPoints.m in Sources */,
				799F30D11E5F8C010010365B /* BinaryTreeToDLL.m in Sources */,
				791C30DC1E62E93200E90ED7 /* PaintHouses.m in Sources */,
				792B25361E69945D0084EFBD /* MergeIntervals.m in Sources */,
				792B24BE1E64C2E40084EFBD /* MergeSortedArrays.m in Sources */,
				792B25561E6AE8950084EFBD /* PopulatingNextRightsPointer.m in Sources */,
				792B24C21E64E2270084EFBD /* BalanceParentheses.m in Sources */,
				792B25231E68BCFC0084EFBD /* TaskScheduler.m in Sources */,
				792B251F1E689E0D0084EFBD /* SummaryRanges.m in Sources */,
				792B24B21E64808E0084EFBD /* PrettyJSONString.m in Sources */,
				792B253E1E69ABA40084EFBD /* SearchRotatedSortedArray.m in Sources */,
				792B256A1E6B67660084EFBD /* GenerateParentheses.m in Sources */,
				792B24DF1E6611980084EFBD /* StrStr.m in Sources */,
				792B24D71E65DB270084EFBD /* MaximumSubarraySizeSumToK.m in Sources */,
				793CFF0F1E5E00E300AB1B78 /* GitVersionControl.m in Sources */,
				791C30FA1E6383BA00E90ED7 /* TrieNode.m in Sources */,
				792B24B61E64A6540084EFBD /* FlattenNestedListIterator.m in Sources */,
				792B254A1E6A5A140084EFBD /* MostFrequentlyOccuringCharacters.m in Sources */,
				792B255A1E6AE8B50084EFBD /* TreeLinkNode.m in Sources */,
				791C30E31E6311B100E90ED7 /* ListNode.m in Sources */,
				792B25461E6A55720084EFBD /* ExpressionAddOperatiors.m in Sources */,
				792B25621E6B58650084EFBD /* LongestPalindromicSubstring.m in Sources */,
				792B24E31E6619360084EFBD /* MinimumDepth.m in Sources */,
				791C30F71E63839200E90ED7 /* Trie.m in Sources */,
				793CFF1B1E5E2CB100AB1B78 /* AllPathsOfTree.m in Sources */,
				792B24CB1E658C2A0084EFBD /* LongestConsecutive.m in Sources */,
				799F30C91E5F63710010365B /* VerifyPreorderBST.m in Sources */,
				792B24E71E661EB60084EFBD /* Read4.m in Sources */,
				792B250F1E6824750084EFBD /* CombinationSum.m in Sources */,
				79BD49A11E62132600405D6A /* NumberIsland.m in Sources */,
				792B24D31E65C9000084EFBD /* SubarraySumToK.m in Sources */,
				792B24CF1E65B9480084EFBD /* BSTFromPreorder.m in Sources */,
				791C30E01E63118D00E90ED7 /* ConvertSortedListToBST.m in Sources */,
				792B24DB1E65FCF90084EFBD /* SubmatrixSumToK.m in Sources */,
				792B25421E69E4520084EFBD /* BinaryTreeVerticalOrderTraversal.m in Sources */,
				792B25271E68C9790084EFBD /* ReverseLinkedList.m in Sources */,
				792B25171E684AE20084EFBD /* BinarySearchTreeIterator.m in Sources */,
				792B250B1E678C0A0084EFBD /* WordSearch.m in Sources */,
			);
			runOnlyForDeploymentPostprocessing = 0;
		};
/* End PBXSourcesBuildPhase section */

/* Begin XCBuildConfiguration section */
		793CFF061E5DEF2500AB1B78 /* Debug */ = {
			isa = XCBuildConfiguration;
			buildSettings = {
				ALWAYS_SEARCH_USER_PATHS = NO;
				CLANG_ANALYZER_NONNULL = YES;
				CLANG_CXX_LANGUAGE_STANDARD = "gnu++0x";
				CLANG_CXX_LIBRARY = "libc++";
				CLANG_ENABLE_MODULES = YES;
				CLANG_ENABLE_OBJC_ARC = YES;
				CLANG_WARN_BOOL_CONVERSION = YES;
				CLANG_WARN_CONSTANT_CONVERSION = YES;
				CLANG_WARN_DIRECT_OBJC_ISA_USAGE = YES_ERROR;
				CLANG_WARN_DOCUMENTATION_COMMENTS = YES;
				CLANG_WARN_EMPTY_BODY = YES;
				CLANG_WARN_ENUM_CONVERSION = YES;
				CLANG_WARN_INFINITE_RECURSION = YES;
				CLANG_WARN_INT_CONVERSION = YES;
				CLANG_WARN_OBJC_ROOT_CLASS = YES_ERROR;
				CLANG_WARN_SUSPICIOUS_MOVE = YES;
				CLANG_WARN_UNREACHABLE_CODE = YES;
				CLANG_WARN__DUPLICATE_METHOD_MATCH = YES;
				CODE_SIGN_IDENTITY = "-";
				COPY_PHASE_STRIP = NO;
				DEBUG_INFORMATION_FORMAT = dwarf;
				ENABLE_STRICT_OBJC_MSGSEND = YES;
				ENABLE_TESTABILITY = YES;
				GCC_C_LANGUAGE_STANDARD = gnu99;
				GCC_DYNAMIC_NO_PIC = NO;
				GCC_NO_COMMON_BLOCKS = YES;
				GCC_OPTIMIZATION_LEVEL = 0;
				GCC_PREPROCESSOR_DEFINITIONS = (
					"DEBUG=1",
					"$(inherited)",
				);
				GCC_WARN_64_TO_32_BIT_CONVERSION = YES;
				GCC_WARN_ABOUT_RETURN_TYPE = YES_ERROR;
				GCC_WARN_UNDECLARED_SELECTOR = YES;
				GCC_WARN_UNINITIALIZED_AUTOS = YES_AGGRESSIVE;
				GCC_WARN_UNUSED_FUNCTION = YES;
				GCC_WARN_UNUSED_VARIABLE = YES;
				MACOSX_DEPLOYMENT_TARGET = 10.12;
				MTL_ENABLE_DEBUG_INFO = YES;
				ONLY_ACTIVE_ARCH = YES;
				SDKROOT = macosx;
			};
			name = Debug;
		};
		793CFF071E5DEF2500AB1B78 /* Release */ = {
			isa = XCBuildConfiguration;
			buildSettings = {
				ALWAYS_SEARCH_USER_PATHS = NO;
				CLANG_ANALYZER_NONNULL = YES;
				CLANG_CXX_LANGUAGE_STANDARD = "gnu++0x";
				CLANG_CXX_LIBRARY = "libc++";
				CLANG_ENABLE_MODULES = YES;
				CLANG_ENABLE_OBJC_ARC = YES;
				CLANG_WARN_BOOL_CONVERSION = YES;
				CLANG_WARN_CONSTANT_CONVERSION = YES;
				CLANG_WARN_DIRECT_OBJC_ISA_USAGE = YES_ERROR;
				CLANG_WARN_DOCUMENTATION_COMMENTS = YES;
				CLANG_WARN_EMPTY_BODY = YES;
				CLANG_WARN_ENUM_CONVERSION = YES;
				CLANG_WARN_INFINITE_RECURSION = YES;
				CLANG_WARN_INT_CONVERSION = YES;
				CLANG_WARN_OBJC_ROOT_CLASS = YES_ERROR;
				CLANG_WARN_SUSPICIOUS_MOVE = YES;
				CLANG_WARN_UNREACHABLE_CODE = YES;
				CLANG_WARN__DUPLICATE_METHOD_MATCH = YES;
				CODE_SIGN_IDENTITY = "-";
				COPY_PHASE_STRIP = NO;
				DEBUG_INFORMATION_FORMAT = "dwarf-with-dsym";
				ENABLE_NS_ASSERTIONS = NO;
				ENABLE_STRICT_OBJC_MSGSEND = YES;
				GCC_C_LANGUAGE_STANDARD = gnu99;
				GCC_NO_COMMON_BLOCKS = YES;
				GCC_WARN_64_TO_32_BIT_CONVERSION = YES;
				GCC_WARN_ABOUT_RETURN_TYPE = YES_ERROR;
				GCC_WARN_UNDECLARED_SELECTOR = YES;
				GCC_WARN_UNINITIALIZED_AUTOS = YES_AGGRESSIVE;
				GCC_WARN_UNUSED_FUNCTION = YES;
				GCC_WARN_UNUSED_VARIABLE = YES;
				MACOSX_DEPLOYMENT_TARGET = 10.12;
				MTL_ENABLE_DEBUG_INFO = NO;
				SDKROOT = macosx;
			};
			name = Release;
		};
		793CFF091E5DEF2500AB1B78 /* Debug */ = {
			isa = XCBuildConfiguration;
			buildSettings = {
				DEVELOPMENT_TEAM = 8BMD2QL62M;
				PRODUCT_NAME = "$(TARGET_NAME)";
			};
			name = Debug;
		};
		793CFF0A1E5DEF2500AB1B78 /* Release */ = {
			isa = XCBuildConfiguration;
			buildSettings = {
				DEVELOPMENT_TEAM = 8BMD2QL62M;
				PRODUCT_NAME = "$(TARGET_NAME)";
			};
			name = Release;
		};
/* End XCBuildConfiguration section */

/* Begin XCConfigurationList section */
		793CFEFC1E5DEF2400AB1B78 /* Build configuration list for PBXProject "PhoneScreenPractice" */ = {
			isa = XCConfigurationList;
			buildConfigurations = (
				793CFF061E5DEF2500AB1B78 /* Debug */,
				793CFF071E5DEF2500AB1B78 /* Release */,
			);
			defaultConfigurationIsVisible = 0;
			defaultConfigurationName = Release;
		};
		793CFF081E5DEF2500AB1B78 /* Build configuration list for PBXNativeTarget "PhoneScreenPractice" */ = {
			isa = XCConfigurationList;
			buildConfigurations = (
				793CFF091E5DEF2500AB1B78 /* Debug */,
				793CFF0A1E5DEF2500AB1B78 /* Release */,
			);
			defaultConfigurationIsVisible = 0;
			defaultConfigurationName = Release;
		};
/* End XCConfigurationList section */
	};
	rootObject = 793CFEF91E5DEF2400AB1B78 /* Project object */;
}
